
Microsoft Visual Studio Solution File, Format Version 12.00
# Visual Studio Version 17
VisualStudioVersion = 17.5.33414.496
MinimumVisualStudioVersion = 10.0.40219.1
Project("{FAE04EC0-301F-11D3-BF4B-00C04F79EFBC}") = "P02AplikacjaZawodnicy", "P02AplikacjaZawodnicy\P02AplikacjaZawodnicy.csproj", "{36650FA4-A176-41B7-89C3-A13BF48AF05D}"
EndProject
Project("{FAE04EC0-301F-11D3-BF4B-00C04F79EFBC}") = "P03Interfejsy", "P03Interfejsy\P03Interfejsy.csproj", "{3BA9E3B9-7655-4CFE-BFA9-6A68BD045F1F}"
EndProject
Project("{FAE04EC0-301F-11D3-BF4B-00C04F79EFBC}") = "P04Interfejsy", "P04Interfejsy\P04Interfejsy.csproj", "{AA5D3F14-7BA6-4346-A080-D56390E0457D}"
EndProject
Project("{FAE04EC0-301F-11D3-BF4B-00C04F79EFBC}") = "P05DataGridView", "P05DataGridView\P05DataGridView.csproj", "{9218C1E1-BE68-490B-9B37-CA367361B79D}"
EndProject
Project("{FAE04EC0-301F-11D3-BF4B-00C04F79EFBC}") = "P06rzetwarzanieAsynchroniczneAJAX", "P06rzetwarzanieAsynchroniczneAJAX\P06rzetwarzanieAsynchroniczneAJAX.csproj", "{0647609C-ED74-4A83-A1CA-030013A7F4B9}"
EndProject
Project("{FAE04EC0-301F-11D3-BF4B-00C04F79EFBC}") = "P07Pytania", "P07Pytania\P07Pytania.csproj", "{0951D0A8-7CFF-41BB-B30B-4DBD608A558A}"
EndProject
Global
	GlobalSection(SolutionConfigurationPlatforms) = preSolution
		Debug|Any CPU = Debug|Any CPU
		Release|Any CPU = Release|Any CPU
	EndGlobalSection
	GlobalSection(ProjectConfigurationPlatforms) = postSolution
		{36650FA4-A176-41B7-89C3-A13BF48AF05D}.Debug|Any CPU.ActiveCfg = Debug|Any CPU
		{36650FA4-A176-41B7-89C3-A13BF48AF05D}.Debug|Any CPU.Build.0 = Debug|Any CPU
		{36650FA4-A176-41B7-89C3-A13BF48AF05D}.Release|Any CPU.ActiveCfg = Release|Any CPU
		{36650FA4-A176-41B7-89C3-A13BF48AF05D}.Release|Any CPU.Build.0 = Release|Any CPU
		{3BA9E3B9-7655-4CFE-BFA9-6A68BD045F1F}.Debug|Any CPU.ActiveCfg = Debug|Any CPU
		{3BA9E3B9-7655-4CFE-BFA9-6A68BD045F1F}.Debug|Any CPU.Build.0 = Debug|Any CPU
		{3BA9E3B9-7655-4CFE-BFA9-6A68BD045F1F}.Release|Any CPU.ActiveCfg = Release|Any CPU
		{3BA9E3B9-7655-4CFE-BFA9-6A68BD045F1F}.Release|Any CPU.Build.0 = Release|Any CPU
		{AA5D3F14-7BA6-4346-A080-D56390E0457D}.Debug|Any CPU.ActiveCfg = Debug|Any CPU
		{AA5D3F14-7BA6-4346-A080-D56390E0457D}.Debug|Any CPU.Build.0 = Debug|Any CPU
		{AA5D3F14-7BA6-4346-A080-D56390E0457D}.Release|Any CPU.ActiveCfg = Release|Any CPU
		{AA5D3F14-7BA6-4346-A080-D56390E0457D}.Release|Any CPU.Build.0 = Release|Any CPU
		{9218C1E1-BE68-490B-9B37-CA367361B79D}.Debug|Any CPU.ActiveCfg = Debug|Any CPU
		{9218C1E1-BE68-490B-9B37-CA367361B79D}.Debug|Any CPU.Build.0 = Debug|Any CPU
		{9218C1E1-BE68-490B-9B37-CA367361B79D}.Release|Any CPU.ActiveCfg = Release|Any CPU
		{9218C1E1-BE68-490B-9B37-CA367361B79D}.Release|Any CPU.Build.0 = Release|Any CPU
		{0647609C-ED74-4A83-A1CA-030013A7F4B9}.Debug|Any CPU.ActiveCfg = Debug|Any CPU
		{0647609C-ED74-4A83-A1CA-030013A7F4B9}.Debug|Any CPU.Build.0 = Debug|Any CPU
		{0647609C-ED74-4A83-A1CA-030013A7F4B9}.Release|Any CPU.ActiveCfg = Release|Any CPU
		{0647609C-ED74-4A83-A1CA-030013A7F4B9}.Release|Any CPU.Build.0 = Release|Any CPU
		{0951D0A8-7CFF-41BB-B30B-4DBD608A558A}.Debug|Any CPU.ActiveCfg = Debug|Any CPU
		{0951D0A8-7CFF-41BB-B30B-4DBD608A558A}.Debug|Any CPU.Build.0 = Debug|Any CPU
		{0951D0A8-7CFF-41BB-B30B-4DBD608A558A}.Release|Any CPU.ActiveCfg = Release|Any CPU
		{0951D0A8-7CFF-41BB-B30B-4DBD608A558A}.Release|Any CPU.Build.0 = Release|Any CPU
	EndGlobalSection
	GlobalSection(SolutionProperties) = preSolution
		HideSolutionNode = FALSE
	EndGlobalSection
	GlobalSection(ExtensibilityGlobals) = postSolution
		SolutionGuid = {9A2AC627-75CE-4441-8B33-B6F235B6035D}
	EndGlobalSection
EndGlobal
